{
    "version": 3,
    "terraform_version": "0.7.13",
    "serial": 5,
    "lineage": "2c72a58a-a271-4f36-8a3c-28b8892541b4",
    "modules": [
        {
            "path": [
                "root"
            ],
            "outputs": {},
            "resources": {
                "aws_iam_instance_profile.ecs_instance": {
                    "type": "aws_iam_instance_profile",
                    "depends_on": [
                        "aws_iam_role.ecs_instance"
                    ],
                    "primary": {
                        "id": "ecs-instance",
                        "attributes": {
                            "arn": "arn:aws:iam::732785068513:instance-profile/ecs-instance",
                            "id": "ecs-instance",
                            "name": "ecs-instance",
                            "path": "/",
                            "roles.#": "1",
                            "roles.1270880406": "ecs-instance"
                        },
                        "meta": {},
                        "tainted": false
                    },
                    "deposed": [],
                    "provider": ""
                },
                "aws_iam_role.ecs_instance": {
                    "type": "aws_iam_role",
                    "depends_on": [],
                    "primary": {
                        "id": "ecs-instance",
                        "attributes": {
                            "arn": "arn:aws:iam::732785068513:role/ecs-instance",
                            "assume_role_policy": "{\r\n  \"Version\": \"2008-10-17\",\r\n  \"Statement\": [\r\n    {\r\n      \"Sid\": \"\",\r\n      \"Effect\": \"Allow\",\r\n      \"Principal\": {\r\n        \"Service\": \"ec2.amazonaws.com\"\r\n      },\r\n      \"Action\": \"sts:AssumeRole\"\r\n    }\r\n  ]\r\n}",
                            "create_date": "2017-03-22T07:34:41Z",
                            "id": "ecs-instance",
                            "name": "ecs-instance",
                            "path": "/",
                            "unique_id": "AROAJG5J3CRFQJKYHG2OK"
                        },
                        "meta": {},
                        "tainted": false
                    },
                    "deposed": [],
                    "provider": ""
                },
                "aws_iam_role.ecs_task": {
                    "type": "aws_iam_role",
                    "depends_on": [],
                    "primary": {
                        "id": "ecs-task",
                        "attributes": {
                            "arn": "arn:aws:iam::732785068513:role/ecs-task",
                            "assume_role_policy": "{\r\n  \"Version\": \"2008-10-17\",\r\n  \"Statement\": [\r\n    {\r\n      \"Sid\": \"\",\r\n      \"Effect\": \"Allow\",\r\n      \"Principal\": {\r\n        \"Service\": \"ecs-tasks.amazonaws.com\"\r\n      },\r\n      \"Action\": \"sts:AssumeRole\"\r\n    }\r\n  ]\r\n}",
                            "create_date": "2017-03-22T07:34:41Z",
                            "id": "ecs-task",
                            "name": "ecs-task",
                            "path": "/",
                            "unique_id": "AROAJQNB42EHNPGEER744"
                        },
                        "meta": {},
                        "tainted": false
                    },
                    "deposed": [],
                    "provider": ""
                },
                "aws_iam_role_policy.ecs_instance_policy": {
                    "type": "aws_iam_role_policy",
                    "depends_on": [
                        "aws_iam_role.ecs_instance"
                    ],
                    "primary": {
                        "id": "ecs-instance:ecs-instance-policy",
                        "attributes": {
                            "id": "ecs-instance:ecs-instance-policy",
                            "name": "ecs-instance-policy",
                            "policy": "{\r\n  \"Version\": \"2012-10-17\",\r\n  \"Statement\": [\r\n    {\r\n      \"Sid\": \"ECS\",\r\n      \"Effect\": \"Allow\",\r\n      \"Action\": [\r\n        \"ecs:CreateCluster\",\r\n        \"ecs:DeregisterContainerInstance\",\r\n        \"ecs:DiscoverPollEndpoint\",\r\n        \"ecs:Poll\",\r\n        \"ecs:RegisterContainerInstance\",\r\n        \"ecs:StartTelemetrySession\",\r\n        \"ecs:Submit*\",\r\n        \"ecs:StartTask\",\r\n        \"ecs:Describe*\",\r\n        \"ecr:GetAuthorizationToken\",\r\n        \"ecr:BatchCheckLayerAvailability\",\r\n        \"ecr:GetDownloadUrlForLayer\",\r\n        \"ecr:BatchGetImage\",\r\n        \"logs:CreateLogGroup\",\r\n        \"logs:CreateLogStream\",\r\n        \"logs:PutLogEvents\",\r\n        \"logs:DescribeLogStreams\",\r\n        \"elasticache:DescribeCacheClusters\",\r\n        \"ec2:Describe*\"\r\n      ],\r\n      \"Resource\": \"*\"\r\n    }\r\n  ]\r\n}",
                            "role": "ecs-instance"
                        },
                        "meta": {},
                        "tainted": false
                    },
                    "deposed": [],
                    "provider": ""
                },
                "aws_iam_role_policy.ecs_task_policy": {
                    "type": "aws_iam_role_policy",
                    "depends_on": [
                        "aws_iam_role.ecs_task"
                    ],
                    "primary": {
                        "id": "ecs-task:ecs-task-policy",
                        "attributes": {
                            "id": "ecs-task:ecs-task-policy",
                            "name": "ecs-task-policy",
                            "policy": "{\r\n  \"Version\": \"2012-10-17\",\r\n  \"Statement\": [\r\n    {\r\n      \"Sid\": \"ECSTask\",\r\n      \"Effect\": \"Allow\",\r\n      \"Action\": [\r\n        \"s3:GetObject\",\r\n        \"s3:ListObject\",\r\n        \"s3:PutObject\",\r\n        \"s3:DeleteObject\"\r\n      ],\r\n      \"Resource\": \"*\"\r\n    }\r\n  ]\r\n}",
                            "role": "ecs-task"
                        },
                        "meta": {},
                        "tainted": false
                    },
                    "deposed": [],
                    "provider": ""
                },
                "data.template_file.userdata": {
                    "type": "template_file",
                    "depends_on": [],
                    "primary": {
                        "id": "d7bd1ccda21e82a81fd7187dbc2129a67286cca82f4de0ed7982d3bcce4b7cec",
                        "attributes": {
                            "id": "d7bd1ccda21e82a81fd7187dbc2129a67286cca82f4de0ed7982d3bcce4b7cec",
                            "rendered": "#!/bin/bash\r\nyum update -y\r\nyum install -y httpd24\r\necho ECS_CLUSTER=global-ecs-cluster \u003e\u003e /etc/ecs/ecs.config\r\n",
                            "template": "#!/bin/bash\r\nyum update -y\r\nyum install -y httpd24\r\necho ECS_CLUSTER=${app} \u003e\u003e /etc/ecs/ecs.config\r\n",
                            "vars.%": "1",
                            "vars.app": "global-ecs-cluster"
                        },
                        "meta": {},
                        "tainted": false
                    },
                    "deposed": [],
                    "provider": ""
                }
            },
            "depends_on": []
        },
        {
            "path": [
                "root",
                "hosting"
            ],
            "outputs": {},
            "resources": {
                "aws_alb.alb": {
                    "type": "aws_alb",
                    "depends_on": [],
                    "primary": {
                        "id": "arn:aws:elasticloadbalancing:us-west-2:732785068513:loadbalancer/app/uat-global-ecs-cluster/aa591cffb13eaba7",
                        "attributes": {
                            "access_logs.#": "0",
                            "arn": "arn:aws:elasticloadbalancing:us-west-2:732785068513:loadbalancer/app/uat-global-ecs-cluster/aa591cffb13eaba7",
                            "arn_suffix": "app/uat-global-ecs-cluster/aa591cffb13eaba7",
                            "dns_name": "uat-global-ecs-cluster-1623433134.us-west-2.elb.amazonaws.com",
                            "enable_deletion_protection": "false",
                            "id": "arn:aws:elasticloadbalancing:us-west-2:732785068513:loadbalancer/app/uat-global-ecs-cluster/aa591cffb13eaba7",
                            "idle_timeout": "60",
                            "internal": "false",
                            "name": "uat-global-ecs-cluster",
                            "security_groups.#": "1",
                            "security_groups.2462487407": "sg-60330d18",
                            "subnets.#": "3",
                            "subnets.2329540445": "subnet-ae43f0e7",
                            "subnets.3436750122": "subnet-f968f19e",
                            "subnets.4105337215": "subnet-40968218",
                            "tags.%": "2",
                            "tags.app": "uat-global-ecs-cluster",
                            "tags.env": "uat",
                            "vpc_id": "vpc-5947393e",
                            "zone_id": "Z1H1FL5HABSF5"
                        },
                        "meta": {},
                        "tainted": false
                    },
                    "deposed": [],
                    "provider": ""
                },
                "aws_alb_listener.alblistener": {
                    "type": "aws_alb_listener",
                    "depends_on": [
                        "aws_alb.alb",
                        "aws_alb_target_group.targetgroup"
                    ],
                    "primary": {
                        "id": "arn:aws:elasticloadbalancing:us-west-2:732785068513:listener/app/uat-global-ecs-cluster/aa591cffb13eaba7/976d7a6c74036f4d",
                        "attributes": {
                            "arn": "arn:aws:elasticloadbalancing:us-west-2:732785068513:listener/app/uat-global-ecs-cluster/aa591cffb13eaba7/976d7a6c74036f4d",
                            "default_action.#": "1",
                            "default_action.0.target_group_arn": "arn:aws:elasticloadbalancing:us-west-2:732785068513:targetgroup/uat-global-ecs-cluster/1962d0b624eb4de1",
                            "default_action.0.type": "forward",
                            "id": "arn:aws:elasticloadbalancing:us-west-2:732785068513:listener/app/uat-global-ecs-cluster/aa591cffb13eaba7/976d7a6c74036f4d",
                            "load_balancer_arn": "arn:aws:elasticloadbalancing:us-west-2:732785068513:loadbalancer/app/uat-global-ecs-cluster/aa591cffb13eaba7",
                            "port": "80",
                            "protocol": "HTTP",
                            "ssl_policy": ""
                        },
                        "meta": {},
                        "tainted": false
                    },
                    "deposed": [],
                    "provider": ""
                },
                "aws_alb_target_group.targetgroup": {
                    "type": "aws_alb_target_group",
                    "depends_on": [],
                    "primary": {
                        "id": "arn:aws:elasticloadbalancing:us-west-2:732785068513:targetgroup/uat-global-ecs-cluster/1962d0b624eb4de1",
                        "attributes": {
                            "arn": "arn:aws:elasticloadbalancing:us-west-2:732785068513:targetgroup/uat-global-ecs-cluster/1962d0b624eb4de1",
                            "arn_suffix": "targetgroup/uat-global-ecs-cluster/1962d0b624eb4de1",
                            "deregistration_delay": "300",
                            "health_check.#": "1",
                            "health_check.0.healthy_threshold": "3",
                            "health_check.0.interval": "30",
                            "health_check.0.matcher": "200",
                            "health_check.0.path": "/ping",
                            "health_check.0.port": "traffic-port",
                            "health_check.0.protocol": "HTTP",
                            "health_check.0.timeout": "5",
                            "health_check.0.unhealthy_threshold": "3",
                            "id": "arn:aws:elasticloadbalancing:us-west-2:732785068513:targetgroup/uat-global-ecs-cluster/1962d0b624eb4de1",
                            "name": "uat-global-ecs-cluster",
                            "port": "80",
                            "protocol": "HTTP",
                            "vpc_id": "vpc-5947393e"
                        },
                        "meta": {},
                        "tainted": false
                    },
                    "deposed": [],
                    "provider": ""
                },
                "aws_autoscaling_group.asg": {
                    "type": "aws_autoscaling_group",
                    "depends_on": [
                        "aws_alb_target_group.targetgroup",
                        "aws_launch_configuration.lc"
                    ],
                    "primary": {
                        "id": "uat-global-ecs-cluster",
                        "attributes": {
                            "arn": "arn:aws:autoscaling:us-west-2:732785068513:autoScalingGroup:48240551-173a-417c-a567-8b4d152ae076:autoScalingGroupName/uat-global-ecs-cluster",
                            "availability_zones.#": "3",
                            "availability_zones.2050015877": "us-west-2c",
                            "availability_zones.221770259": "us-west-2b",
                            "availability_zones.2487133097": "us-west-2a",
                            "default_cooldown": "300",
                            "desired_capacity": "1",
                            "force_delete": "false",
                            "health_check_grace_period": "1200",
                            "health_check_type": "EC2",
                            "id": "uat-global-ecs-cluster",
                            "launch_configuration": "uat-global-ecs-cluster20170322075427921271600szy",
                            "load_balancers.#": "0",
                            "max_size": "1",
                            "metrics_granularity": "1Minute",
                            "min_size": "1",
                            "name": "uat-global-ecs-cluster",
                            "placement_group": "",
                            "protect_from_scale_in": "false",
                            "tag.#": "2",
                            "tag.3063153490.key": "env",
                            "tag.3063153490.propagate_at_launch": "true",
                            "tag.3063153490.value": "uat",
                            "tag.3817110456.key": "app",
                            "tag.3817110456.propagate_at_launch": "true",
                            "tag.3817110456.value": "uat-global-ecs-cluster",
                            "target_group_arns.#": "1",
                            "target_group_arns.866792973": "arn:aws:elasticloadbalancing:us-west-2:732785068513:targetgroup/uat-global-ecs-cluster/1962d0b624eb4de1",
                            "termination_policies.#": "2",
                            "termination_policies.0": "OldestLaunchConfiguration",
                            "termination_policies.1": "OldestInstance",
                            "vpc_zone_identifier.#": "3",
                            "vpc_zone_identifier.1309543769": "subnet-cb6bf2ac",
                            "vpc_zone_identifier.2170845317": "subnet-4797831f",
                            "vpc_zone_identifier.2863046933": "subnet-6a41f223",
                            "wait_for_capacity_timeout": "25m"
                        },
                        "meta": {},
                        "tainted": false
                    },
                    "deposed": [],
                    "provider": ""
                },
                "aws_ecs_cluster.ecscluster": {
                    "type": "aws_ecs_cluster",
                    "depends_on": [],
                    "primary": {
                        "id": "arn:aws:ecs:us-west-2:732785068513:cluster/global-ecs-cluster",
                        "attributes": {
                            "id": "arn:aws:ecs:us-west-2:732785068513:cluster/global-ecs-cluster",
                            "name": "global-ecs-cluster"
                        },
                        "meta": {},
                        "tainted": false
                    },
                    "deposed": [],
                    "provider": ""
                },
                "aws_launch_configuration.lc": {
                    "type": "aws_launch_configuration",
                    "depends_on": [],
                    "primary": {
                        "id": "uat-global-ecs-cluster20170322075427921271600szy",
                        "attributes": {
                            "associate_public_ip_address": "false",
                            "ebs_block_device.#": "0",
                            "ebs_optimized": "false",
                            "enable_monitoring": "true",
                            "ephemeral_block_device.#": "0",
                            "iam_instance_profile": "ecs-instance",
                            "id": "uat-global-ecs-cluster20170322075427921271600szy",
                            "image_id": "ami-62d35c02",
                            "instance_type": "t2.small",
                            "key_name": "ecs-cluster",
                            "name": "uat-global-ecs-cluster20170322075427921271600szy",
                            "name_prefix": "uat-global-ecs-cluster",
                            "root_block_device.#": "0",
                            "security_groups.#": "0",
                            "spot_price": "",
                            "user_data": "58c7d1bff7f8447d6e9d4fe7e2f2eef45315a55f",
                            "vpc_classic_link_id": "",
                            "vpc_classic_link_security_groups.#": "0"
                        },
                        "meta": {},
                        "tainted": false
                    },
                    "deposed": [],
                    "provider": ""
                }
            },
            "depends_on": []
        }
    ]
}
